
Microsoft Visual Studio Solution File, Format Version 12.00
# Visual Studio 15
VisualStudioVersion = 15.0.27130.2027
MinimumVisualStudioVersion = 10.0.40219.1
Project("{FAE04EC0-301F-11D3-BF4B-00C04F79EFBC}") = "ProyectoBeLife", "BeLife\ProyectoBeLife.csproj", "{502D054A-7DC7-4ADE-9E4C-184C65728EFF}"
EndProject
Project("{2150E333-8FDC-42A3-9474-1A3956D46DE8}") = "Solution Items", "Solution Items", "{F719D72C-533E-40D2-B4AC-ABD8A0A6E920}"
EndProject
Global
	GlobalSection(SolutionConfigurationPlatforms) = preSolution
		Debug|Any CPU = Debug|Any CPU
		Release|Any CPU = Release|Any CPU
	EndGlobalSection
	GlobalSection(ProjectConfigurationPlatforms) = postSolution
		{502D054A-7DC7-4ADE-9E4C-184C65728EFF}.Debug|Any CPU.ActiveCfg = Debug|Any CPU
		{502D054A-7DC7-4ADE-9E4C-184C65728EFF}.Debug|Any CPU.Build.0 = Debug|Any CPU
		{502D054A-7DC7-4ADE-9E4C-184C65728EFF}.Release|Any CPU.ActiveCfg = Release|Any CPU
		{502D054A-7DC7-4ADE-9E4C-184C65728EFF}.Release|Any CPU.Build.0 = Release|Any CPU
	EndGlobalSection
	GlobalSection(SolutionProperties) = preSolution
		HideSolutionNode = FALSE
	EndGlobalSection
	GlobalSection(ExtensibilityGlobals) = postSolution
		SolutionGuid = {60398140-0045-4D43-A8BA-D4B5EF94BDC6}
	EndGlobalSection
EndGlobal
